{
  "name": "wx-template",
  "lockfileVersion": 2,
  "requires": true,
  "packages": {
    "": {
      "dependencies": {
        "tdesign-miniprogram": "^1.1.8"
      }
    },
    "node_modules/dayjs": {
      "version": "1.11.7",
      "resolved": "https://registry.npmjs.org/dayjs/-/dayjs-1.11.7.tgz",
      "integrity": "sha512-+Yw9U6YO5TQohxLcIkrXBeY73WP3ejHWVvx8XCk3gxvQDCTEmS48ZrSZCKciI7Bhl/uCMyxYtE9UqRILmFphkQ=="
    },
    "node_modules/tdesign-miniprogram": {
      "version": "1.1.8",
      "resolved": "https://registry.npmjs.org/tdesign-miniprogram/-/tdesign-miniprogram-1.1.8.tgz",
      "integrity": "sha512-BkPAulks69Q6RIYXHsY+hCW2K6ou151WVtiQtDNZ/5o4HLgKgif17+N3DtTnAjyB8HLeoyNFJUjJp7hjdml6pQ==",
      "dependencies": {
        "dayjs": "^1.10.7"
      }
    }
  },
  "dependencies": {
    "dayjs": {
      "version": "1.11.7",
      "resolved": "https://registry.npmjs.org/dayjs/-/dayjs-1.11.7.tgz",
      "integrity": "sha512-+Yw9U6YO5TQohxLcIkrXBeY73WP3ejHWVvx8XCk3gxvQDCTEmS48ZrSZCKciI7Bhl/uCMyxYtE9UqRILmFphkQ=="
    },
    "tdesign-miniprogram": {
      "version": "1.1.8",
      "resolved": "https://registry.npmjs.org/tdesign-miniprogram/-/tdesign-miniprogram-1.1.8.tgz",
      "integrity": "sha512-BkPAulks69Q6RIYXHsY+hCW2K6ou151WVtiQtDNZ/5o4HLgKgif17+N3DtTnAjyB8HLeoyNFJUjJp7hjdml6pQ==",
      "requires": {
        "dayjs": "^1.10.7"
      }
    }
  }
}
